
Microsoft Visual Studio Solution File, Format Version 12.00
# Visual Studio Version 17
VisualStudioVersion = 17.7.34202.233
MinimumVisualStudioVersion = 10.0.40219.1
Project("{FAE04EC0-301F-11D3-BF4B-00C04F79EFBC}") = "WebApplication1", "WebApplication1\WebApplication1.csproj", "{F93AE98B-9372-47E0-866C-A8718BCCFCB8}"
EndProject
Global
	GlobalSection(SolutionConfigurationPlatforms) = preSolution
		Debug|Any CPU = Debug|Any CPU
		Release|Any CPU = Release|Any CPU
	EndGlobalSection
	GlobalSection(ProjectConfigurationPlatforms) = postSolution
		{F93AE98B-9372-47E0-866C-A8718BCCFCB8}.Debug|Any CPU.ActiveCfg = Debug|Any CPU
		{F93AE98B-9372-47E0-866C-A8718BCCFCB8}.Debug|Any CPU.Build.0 = Debug|Any CPU
		{F93AE98B-9372-47E0-866C-A8718BCCFCB8}.Release|Any CPU.ActiveCfg = Release|Any CPU
		{F93AE98B-9372-47E0-866C-A8718BCCFCB8}.Release|Any CPU.Build.0 = Release|Any CPU
	EndGlobalSection
	GlobalSection(SolutionProperties) = preSolution
		HideSolutionNode = FALSE
	EndGlobalSection
	GlobalSection(ExtensibilityGlobals) = postSolution
		SolutionGuid = {1753B62B-2770-416E-A55A-63691EB36050}
	EndGlobalSection
EndGlobal
